
Microsoft Visual Studio Solution File, Format Version 12.00
# Visual Studio Version 17
VisualStudioVersion = 17.12.35506.116 d17.12
MinimumVisualStudioVersion = 10.0.40219.1
Project("{FAE04EC0-301F-11D3-BF4B-00C04F79EFBC}") = "Reston.Identity", "Reston.Identity\Reston.Identity.csproj", "{245296FD-5B5E-4B43-8E0C-48E48EAA1722}"
EndProject
Project("{FAE04EC0-301F-11D3-BF4B-00C04F79EFBC}") = "Reston.Identity.Helper", "Reston.Identity.Helper\Reston.Identity.Helper.csproj", "{D169BDA6-3339-4E31-AAA4-DD9750CE1694}"
EndProject
Project("{FAE04EC0-301F-11D3-BF4B-00C04F79EFBC}") = "Reston.Identity.Repository", "Reston.Identity.Repository\Reston.Identity.Repository.csproj", "{F0748DFC-BA47-44CD-8142-9F70C960E1F5}"
EndProject
Project("{FAE04EC0-301F-11D3-BF4B-00C04F79EFBC}") = "Reston.Helper", "Reston.Helper\Reston.Helper.csproj", "{F533E099-214B-4AB1-9FCA-E698C0AAE032}"
EndProject
Project("{2150E333-8FDC-42A3-9474-1A3956D46DE8}") = ".nuget", ".nuget", "{A6735050-5989-41D0-B519-70216DA0012D}"
	ProjectSection(SolutionItems) = preProject
		.nuget\NuGet.Config = .nuget\NuGet.Config
		.nuget\NuGet.exe = .nuget\NuGet.exe
		.nuget\NuGet.targets = .nuget\NuGet.targets
	EndProjectSection
EndProject
Global
	GlobalSection(SolutionConfigurationPlatforms) = preSolution
		Debug|Any CPU = Debug|Any CPU
		Release|Any CPU = Release|Any CPU
	EndGlobalSection
	GlobalSection(ProjectConfigurationPlatforms) = postSolution
		{245296FD-5B5E-4B43-8E0C-48E48EAA1722}.Debug|Any CPU.ActiveCfg = Debug|Any CPU
		{245296FD-5B5E-4B43-8E0C-48E48EAA1722}.Debug|Any CPU.Build.0 = Debug|Any CPU
		{245296FD-5B5E-4B43-8E0C-48E48EAA1722}.Release|Any CPU.ActiveCfg = Release|Any CPU
		{245296FD-5B5E-4B43-8E0C-48E48EAA1722}.Release|Any CPU.Build.0 = Release|Any CPU
		{D169BDA6-3339-4E31-AAA4-DD9750CE1694}.Debug|Any CPU.ActiveCfg = Debug|Any CPU
		{D169BDA6-3339-4E31-AAA4-DD9750CE1694}.Debug|Any CPU.Build.0 = Debug|Any CPU
		{D169BDA6-3339-4E31-AAA4-DD9750CE1694}.Release|Any CPU.ActiveCfg = Release|Any CPU
		{D169BDA6-3339-4E31-AAA4-DD9750CE1694}.Release|Any CPU.Build.0 = Release|Any CPU
		{F0748DFC-BA47-44CD-8142-9F70C960E1F5}.Debug|Any CPU.ActiveCfg = Debug|Any CPU
		{F0748DFC-BA47-44CD-8142-9F70C960E1F5}.Debug|Any CPU.Build.0 = Debug|Any CPU
		{F0748DFC-BA47-44CD-8142-9F70C960E1F5}.Release|Any CPU.ActiveCfg = Release|Any CPU
		{F0748DFC-BA47-44CD-8142-9F70C960E1F5}.Release|Any CPU.Build.0 = Release|Any CPU
		{F533E099-214B-4AB1-9FCA-E698C0AAE032}.Debug|Any CPU.ActiveCfg = Debug|Any CPU
		{F533E099-214B-4AB1-9FCA-E698C0AAE032}.Debug|Any CPU.Build.0 = Debug|Any CPU
		{F533E099-214B-4AB1-9FCA-E698C0AAE032}.Release|Any CPU.ActiveCfg = Release|Any CPU
		{F533E099-214B-4AB1-9FCA-E698C0AAE032}.Release|Any CPU.Build.0 = Release|Any CPU
	EndGlobalSection
	GlobalSection(SolutionProperties) = preSolution
		HideSolutionNode = FALSE
	EndGlobalSection
EndGlobal
